version = 1
revision = 1
requires-python = ">=3.11"

[[package]]
name = "comtypes"
version = "1.4.10"
source = { registry = "https://pypi.org/simple" }
sdist = { url = "https://files.pythonhosted.org/packages/07/7e/34f4941ab5ec7d1d4c496282b1944a5119fc52641c5770a78e6fa0ca32ec/comtypes-1.4.10.zip", hash = "sha256:b92372e76299836177b41aeda784225e18c5071c6bacdab88a7433224a4dc912", size = 267293 }
wheels = [
    { url = "https://files.pythonhosted.org/packages/4c/44/72009bb0a0d8286f6408c9cb70552350e21e9c280bfa1ef30784b30dfc0f/comtypes-1.4.10-py3-none-any.whl", hash = "sha256:e078555721ee7ab40648a3363697d420b845b323e5944b55846e96aff97d2534", size = 241481 },
]

[[package]]
name = "comtypessapi"
version = "0.1.0"
source = { virtual = "." }
dependencies = [
    { name = "comtypes" },
]

[package.metadata]
requires-dist = [{ name = "comtypes", specifier = ">=1.4.10" }]
